
Microsoft Visual Studio Solution File, Format Version 12.00
# Visual Studio 14
VisualStudioVersion = 14.0.23107.0
MinimumVisualStudioVersion = 10.0.40219.1
Project("{FAE04EC0-301F-11D3-BF4B-00C04F79EFBC}") = "01.WcfServiceCalculator", "WcfServiceCalculator\01.WcfServiceCalculator.csproj", "{F1F9ECF8-25A3-4E8F-AEEB-B218C3A2B67F}"
EndProject
Project("{FAE04EC0-301F-11D3-BF4B-00C04F79EFBC}") = "02.CalculatorClient", "CalculatorClient\02.CalculatorClient.csproj", "{E26DB816-6981-4E89-AAF9-AD720E82E8C2}"
	ProjectSection(ProjectDependencies) = postProject
		{F1F9ECF8-25A3-4E8F-AEEB-B218C3A2B67F} = {F1F9ECF8-25A3-4E8F-AEEB-B218C3A2B67F}
	EndProjectSection
EndProject
Global
	GlobalSection(SolutionConfigurationPlatforms) = preSolution
		Debug|Any CPU = Debug|Any CPU
		Release|Any CPU = Release|Any CPU
	EndGlobalSection
	GlobalSection(ProjectConfigurationPlatforms) = postSolution
		{F1F9ECF8-25A3-4E8F-AEEB-B218C3A2B67F}.Debug|Any CPU.ActiveCfg = Debug|Any CPU
		{F1F9ECF8-25A3-4E8F-AEEB-B218C3A2B67F}.Debug|Any CPU.Build.0 = Debug|Any CPU
		{F1F9ECF8-25A3-4E8F-AEEB-B218C3A2B67F}.Release|Any CPU.ActiveCfg = Release|Any CPU
		{F1F9ECF8-25A3-4E8F-AEEB-B218C3A2B67F}.Release|Any CPU.Build.0 = Release|Any CPU
		{E26DB816-6981-4E89-AAF9-AD720E82E8C2}.Debug|Any CPU.ActiveCfg = Debug|Any CPU
		{E26DB816-6981-4E89-AAF9-AD720E82E8C2}.Debug|Any CPU.Build.0 = Debug|Any CPU
		{E26DB816-6981-4E89-AAF9-AD720E82E8C2}.Release|Any CPU.ActiveCfg = Release|Any CPU
		{E26DB816-6981-4E89-AAF9-AD720E82E8C2}.Release|Any CPU.Build.0 = Release|Any CPU
	EndGlobalSection
	GlobalSection(SolutionProperties) = preSolution
		HideSolutionNode = FALSE
	EndGlobalSection
EndGlobal
